{
  "name": "creator-hub",
  "version": "1.0.0",
  "lockfileVersion": 3,
  "requires": true,
  "packages": {
    "": {
      "name": "creator-hub",
      "version": "1.0.0",
      "dependencies": {
        "next": "^14.0.0",
        "react": "^18.2.0",
        "react-dom": "^18.2.0",
        "supabase": "^3.35.0",
        "stripe": "^12.0.0",
        "resend": "^1.0.0",
        "dayjs": "^1.11.8",
        "discord.js": "^14.12.0",
        "tiktok-live-connector": "^1.0.0"
      }
    }
  },
  "dependencies": {
    "next": {
      "version": "^14.0.0",
      "resolved": "https://registry.npmjs.org/next/-/next-14.0.0.tgz",
      "integrity": "sha512-example",
      "dev": false
    },
    "react": {
      "version": "^18.2.0",
      "resolved": "https://registry.npmjs.org/react/-/react-18.2.0.tgz",
      "integrity": "sha512-example"
    },
    "react-dom": {
      "version": "^18.2.0",
      "resolved": "https://registry.npmjs.org/react-dom/-/react-dom-18.2.0.tgz",
      "integrity": "sha512-example"
    },
    "supabase": {
      "version": "^3.35.0",
      "resolved": "https://registry.npmjs.org/supabase/-/supabase-3.35.0.tgz",
      "integrity": "sha512-example"
    },
    "stripe": {
      "version": "^12.0.0",
      "resolved": "https://registry.npmjs.org/stripe/-/stripe-12.0.0.tgz",
      "integrity": "sha512-example"
    },
    "resend": {
      "version": "^1.0.0",
      "resolved": "https://registry.npmjs.org/resend/-/resend-1.0.0.tgz",
      "integrity": "sha512-example"
    },
    "dayjs": {
      "version": "^1.11.8",
      "resolved": "https://registry.npmjs.org/dayjs/-/dayjs-1.11.8.tgz",
      "integrity": "sha512-example"
    },
    "discord.js": {
      "version": "^14.12.0",
      "resolved": "https://registry.npmjs.org/discord.js/-/discord.js-14.12.0.tgz",
      "integrity": "sha512-example"
    },
    "tiktok-live-connector": {
      "version": "^1.0.0",
      "resolved": "https://registry.npmjs.org/tiktok-live-connector/-/tiktok-live-connector-1.0.0.tgz",
      "integrity": "sha512-example"
    }
  }
}