{
  "name": "creator-hub",
  "version": "0.2.0",
  "lockfileVersion": 3,
  "requires": true,
  "packages": {
    "": {
      "dependencies": {
        "next": "14.2.5",
        "react": "18.2.0",
        "react-dom": "18.2.0",
        "@stripe/stripe-js": "^2.27.1",
        "stripe": "16.6.0",
        "@supabase/supabase-js": "2.45.4",
        "@supabase/auth-helpers-nextjs": "0.10.0"
      },
      "devDependencies": {
        "eslint": "^8.57.1",
        "eslint-config-next": "14.2.5",
        "typescript": "5.5.4"
      }
    },
    "@stripe/stripe-js": {
      "version": "2.27.1",
      "resolved": "https://registry.npmjs.org/@stripe/stripe-js/-/stripe-js-2.27.1.tgz",
      "integrity": "sha512-example"
    },
    "react": {
      "version": "18.2.0",
      "resolved": "https://registry.npmjs.org/react/-/react-18.2.0.tgz",
      "integrity": "sha512-example"
    },
    "react-dom": {
      "version": "18.2.0",
      "resolved": "https://registry.npmjs.org/react-dom/-/react-dom-18.2.0.tgz",
      "integrity": "sha512-example"
    }
  }
}
